
Microsoft Visual Studio Solution File, Format Version 12.00
# Visual Studio Version 17
VisualStudioVersion = 17.3.32922.545
MinimumVisualStudioVersion = 10.0.40219.1
Project("{9A19103F-16F7-4668-BE54-9A1E7A4F7556}") = "LeerData", "LeerData.csproj", "{82D2DFB3-BEB1-41A9-8764-79DB215E377A}"
EndProject
Global
	GlobalSection(SolutionConfigurationPlatforms) = preSolution
		Debug|Any CPU = Debug|Any CPU
		Release|Any CPU = Release|Any CPU
	EndGlobalSection
	GlobalSection(ProjectConfigurationPlatforms) = postSolution
		{82D2DFB3-BEB1-41A9-8764-79DB215E377A}.Debug|Any CPU.ActiveCfg = Debug|Any CPU
		{82D2DFB3-BEB1-41A9-8764-79DB215E377A}.Debug|Any CPU.Build.0 = Debug|Any CPU
		{82D2DFB3-BEB1-41A9-8764-79DB215E377A}.Release|Any CPU.ActiveCfg = Release|Any CPU
		{82D2DFB3-BEB1-41A9-8764-79DB215E377A}.Release|Any CPU.Build.0 = Release|Any CPU
	EndGlobalSection
	GlobalSection(SolutionProperties) = preSolution
		HideSolutionNode = FALSE
	EndGlobalSection
	GlobalSection(ExtensibilityGlobals) = postSolution
		SolutionGuid = {94964433-009F-4DBC-84D3-75A2820625DA}
	EndGlobalSection
EndGlobal
